
Microsoft Visual Studio Solution File, Format Version 12.00
# Visual Studio 15
VisualStudioVersion = 15.0.25807.0
MinimumVisualStudioVersion = 10.0.40219.1
Project("{2150E333-8FDC-42A3-9474-1A3956D46DE8}") = "Engine", "Engine", "{335ACB28-3DAF-41D3-9321-FC7D8648D95B}"
EndProject
Project("{2150E333-8FDC-42A3-9474-1A3956D46DE8}") = "Games", "Games", "{B4C6C28A-0BC9-4BF1-8EA0-A71C59E692F4}"
EndProject
Project("{8BC9CEB8-8B4A-11D0-8D11-00A0C91BC942}") = "UE4", "Intermediate\ProjectFiles\UE4.vcxproj", "{CE234082-4D68-4615-A727-F081292F78D3}"
EndProject
Project("{8BC9CEB8-8B4A-11D0-8D11-00A0C91BC942}") = "MyPuzzleGame", "Intermediate\ProjectFiles\MyPuzzleGame.vcxproj", "{78D46BB7-6BFB-4469-B0CB-6F27CF78E68C}"
EndProject
Global
	GlobalSection(SolutionConfigurationPlatforms) = preSolution
		DebugGame Editor|HTML5 = DebugGame Editor|HTML5
		DebugGame Editor|Win32 = DebugGame Editor|Win32
		DebugGame Editor|Win64 = DebugGame Editor|Win64
		DebugGame|HTML5 = DebugGame|HTML5
		DebugGame|Win32 = DebugGame|Win32
		DebugGame|Win64 = DebugGame|Win64
		Development Editor|HTML5 = Development Editor|HTML5
		Development Editor|Win32 = Development Editor|Win32
		Development Editor|Win64 = Development Editor|Win64
		Development|HTML5 = Development|HTML5
		Development|Win32 = Development|Win32
		Development|Win64 = Development|Win64
		Shipping|HTML5 = Shipping|HTML5
		Shipping|Win32 = Shipping|Win32
		Shipping|Win64 = Shipping|Win64
	EndGlobalSection
	GlobalSection(ProjectConfigurationPlatforms) = postSolution
		{CE234082-4D68-4615-A727-F081292F78D3}.DebugGame Editor|HTML5.ActiveCfg = BuiltWithUnrealBuildTool|Win32
		{CE234082-4D68-4615-A727-F081292F78D3}.DebugGame Editor|HTML5.Build.0 = BuiltWithUnrealBuildTool|Win32
		{CE234082-4D68-4615-A727-F081292F78D3}.DebugGame Editor|Win32.ActiveCfg = BuiltWithUnrealBuildTool|Win32
		{CE234082-4D68-4615-A727-F081292F78D3}.DebugGame Editor|Win32.Build.0 = BuiltWithUnrealBuildTool|Win32
		{CE234082-4D68-4615-A727-F081292F78D3}.DebugGame Editor|Win64.ActiveCfg = BuiltWithUnrealBuildTool|Win32
		{CE234082-4D68-4615-A727-F081292F78D3}.DebugGame Editor|Win64.Build.0 = BuiltWithUnrealBuildTool|Win32
		{CE234082-4D68-4615-A727-F081292F78D3}.DebugGame|HTML5.ActiveCfg = BuiltWithUnrealBuildTool|Win32
		{CE234082-4D68-4615-A727-F081292F78D3}.DebugGame|HTML5.Build.0 = BuiltWithUnrealBuildTool|Win32
		{CE234082-4D68-4615-A727-F081292F78D3}.DebugGame|Win32.ActiveCfg = BuiltWithUnrealBuildTool|Win32
		{CE234082-4D68-4615-A727-F081292F78D3}.DebugGame|Win32.Build.0 = BuiltWithUnrealBuildTool|Win32
		{CE234082-4D68-4615-A727-F081292F78D3}.DebugGame|Win64.ActiveCfg = BuiltWithUnrealBuildTool|Win32
		{CE234082-4D68-4615-A727-F081292F78D3}.DebugGame|Win64.Build.0 = BuiltWithUnrealBuildTool|Win32
		{CE234082-4D68-4615-A727-F081292F78D3}.Development Editor|HTML5.ActiveCfg = BuiltWithUnrealBuildTool|Win32
		{CE234082-4D68-4615-A727-F081292F78D3}.Development Editor|HTML5.Build.0 = BuiltWithUnrealBuildTool|Win32
		{CE234082-4D68-4615-A727-F081292F78D3}.Development Editor|Win32.ActiveCfg = BuiltWithUnrealBuildTool|Win32
		{CE234082-4D68-4615-A727-F081292F78D3}.Development Editor|Win32.Build.0 = BuiltWithUnrealBuildTool|Win32
		{CE234082-4D68-4615-A727-F081292F78D3}.Development Editor|Win64.ActiveCfg = BuiltWithUnrealBuildTool|Win32
		{CE234082-4D68-4615-A727-F081292F78D3}.Development Editor|Win64.Build.0 = BuiltWithUnrealBuildTool|Win32
		{CE234082-4D68-4615-A727-F081292F78D3}.Development|HTML5.ActiveCfg = BuiltWithUnrealBuildTool|Win32
		{CE234082-4D68-4615-A727-F081292F78D3}.Development|HTML5.Build.0 = BuiltWithUnrealBuildTool|Win32
		{CE234082-4D68-4615-A727-F081292F78D3}.Development|Win32.ActiveCfg = BuiltWithUnrealBuildTool|Win32
		{CE234082-4D68-4615-A727-F081292F78D3}.Development|Win32.Build.0 = BuiltWithUnrealBuildTool|Win32
		{CE234082-4D68-4615-A727-F081292F78D3}.Development|Win64.ActiveCfg = BuiltWithUnrealBuildTool|Win32
		{CE234082-4D68-4615-A727-F081292F78D3}.Development|Win64.Build.0 = BuiltWithUnrealBuildTool|Win32
		{CE234082-4D68-4615-A727-F081292F78D3}.Shipping|HTML5.ActiveCfg = BuiltWithUnrealBuildTool|Win32
		{CE234082-4D68-4615-A727-F081292F78D3}.Shipping|HTML5.Build.0 = BuiltWithUnrealBuildTool|Win32
		{CE234082-4D68-4615-A727-F081292F78D3}.Shipping|Win32.ActiveCfg = BuiltWithUnrealBuildTool|Win32
		{CE234082-4D68-4615-A727-F081292F78D3}.Shipping|Win32.Build.0 = BuiltWithUnrealBuildTool|Win32
		{CE234082-4D68-4615-A727-F081292F78D3}.Shipping|Win64.ActiveCfg = BuiltWithUnrealBuildTool|Win32
		{CE234082-4D68-4615-A727-F081292F78D3}.Shipping|Win64.Build.0 = BuiltWithUnrealBuildTool|Win32
		{78D46BB7-6BFB-4469-B0CB-6F27CF78E68C}.DebugGame Editor|HTML5.ActiveCfg = HTML5_DebugGame_Editor|Win32
		{78D46BB7-6BFB-4469-B0CB-6F27CF78E68C}.DebugGame Editor|Win32.ActiveCfg = DebugGame_Editor|Win32
		{78D46BB7-6BFB-4469-B0CB-6F27CF78E68C}.DebugGame Editor|Win64.ActiveCfg = DebugGame_Editor|x64
		{78D46BB7-6BFB-4469-B0CB-6F27CF78E68C}.DebugGame Editor|Win64.Build.0 = DebugGame_Editor|x64
		{78D46BB7-6BFB-4469-B0CB-6F27CF78E68C}.DebugGame|HTML5.ActiveCfg = HTML5_DebugGame_Game|Win32
		{78D46BB7-6BFB-4469-B0CB-6F27CF78E68C}.DebugGame|HTML5.Build.0 = HTML5_DebugGame_Game|Win32
		{78D46BB7-6BFB-4469-B0CB-6F27CF78E68C}.DebugGame|Win32.ActiveCfg = DebugGame_Game|Win32
		{78D46BB7-6BFB-4469-B0CB-6F27CF78E68C}.DebugGame|Win32.Build.0 = DebugGame_Game|Win32
		{78D46BB7-6BFB-4469-B0CB-6F27CF78E68C}.DebugGame|Win64.ActiveCfg = DebugGame_Game|x64
		{78D46BB7-6BFB-4469-B0CB-6F27CF78E68C}.DebugGame|Win64.Build.0 = DebugGame_Game|x64
		{78D46BB7-6BFB-4469-B0CB-6F27CF78E68C}.Development Editor|HTML5.ActiveCfg = HTML5_Development_Editor|Win32
		{78D46BB7-6BFB-4469-B0CB-6F27CF78E68C}.Development Editor|Win32.ActiveCfg = Development_Editor|Win32
		{78D46BB7-6BFB-4469-B0CB-6F27CF78E68C}.Development Editor|Win64.ActiveCfg = Development_Editor|x64
		{78D46BB7-6BFB-4469-B0CB-6F27CF78E68C}.Development Editor|Win64.Build.0 = Development_Editor|x64
		{78D46BB7-6BFB-4469-B0CB-6F27CF78E68C}.Development|HTML5.ActiveCfg = HTML5_Development_Game|Win32
		{78D46BB7-6BFB-4469-B0CB-6F27CF78E68C}.Development|HTML5.Build.0 = HTML5_Development_Game|Win32
		{78D46BB7-6BFB-4469-B0CB-6F27CF78E68C}.Development|Win32.ActiveCfg = Development_Game|Win32
		{78D46BB7-6BFB-4469-B0CB-6F27CF78E68C}.Development|Win32.Build.0 = Development_Game|Win32
		{78D46BB7-6BFB-4469-B0CB-6F27CF78E68C}.Development|Win64.ActiveCfg = Development_Game|x64
		{78D46BB7-6BFB-4469-B0CB-6F27CF78E68C}.Development|Win64.Build.0 = Development_Game|x64
		{78D46BB7-6BFB-4469-B0CB-6F27CF78E68C}.Shipping|HTML5.ActiveCfg = HTML5_Shipping_Game|Win32
		{78D46BB7-6BFB-4469-B0CB-6F27CF78E68C}.Shipping|HTML5.Build.0 = HTML5_Shipping_Game|Win32
		{78D46BB7-6BFB-4469-B0CB-6F27CF78E68C}.Shipping|Win32.ActiveCfg = Shipping_Game|Win32
		{78D46BB7-6BFB-4469-B0CB-6F27CF78E68C}.Shipping|Win32.Build.0 = Shipping_Game|Win32
		{78D46BB7-6BFB-4469-B0CB-6F27CF78E68C}.Shipping|Win64.ActiveCfg = Shipping_Game|x64
		{78D46BB7-6BFB-4469-B0CB-6F27CF78E68C}.Shipping|Win64.Build.0 = Shipping_Game|x64
	EndGlobalSection
	GlobalSection(SolutionProperties) = preSolution
		HideSolutionNode = FALSE
	EndGlobalSection
	GlobalSection(NestedProjects) = preSolution
		{CE234082-4D68-4615-A727-F081292F78D3} = {335ACB28-3DAF-41D3-9321-FC7D8648D95B}
		{78D46BB7-6BFB-4469-B0CB-6F27CF78E68C} = {B4C6C28A-0BC9-4BF1-8EA0-A71C59E692F4}
	EndGlobalSection
	GlobalSection(ExtensibilityGlobals) = postSolution
		SolutionGuid = {9E9AC700-77F2-478E-AE63-3B8E01A1F904}
	EndGlobalSection
EndGlobal
